// !$*UTF8*$!
{
	archiveVersion = 1;
	classes = {
	};
	objectVersion = 46;
	objects = {

/* Begin PBXBuildFile section */
		2ABD2C521E44520F00EBB748 /* Arrowhead.png in Resources */ = {isa = PBXBuildFile; fileRef = 2ABD2C4F1E44520F00EBB748 /* Arrowhead.png */; };
		2ABD2C531E44520F00EBB748 /* FTFoldingTableView.m in Sources */ = {isa = PBXBuildFile; fileRef = 2ABD2C511E44520F00EBB748 /* FTFoldingTableView.m */; };
		5A4B4FB41D4F3D3200134E33 /* Main.storyboard in Resources */ = {isa = PBXBuildFile; fileRef = 5A4B4FB31D4F3D3200134E33 /* Main.storyboard */; };
		5AB106C81D178925003E69E4 /* main.m in Sources */ = {isa = PBXBuildFile; fileRef = 5AB106C71D178925003E69E4 /* main.m */; };
		5AB106CB1D178925003E69E4 /* AppDelegate.m in Sources */ = {isa = PBXBuildFile; fileRef = 5AB106CA1D178925003E69E4 /* AppDelegate.m */; };
		5AB106CE1D178925003E69E4 /* ViewController.m in Sources */ = {isa = PBXBuildFile; fileRef = 5AB106CD1D178925003E69E4 /* ViewController.m */; };
		5AB106D31D178925003E69E4 /* Assets.xcassets in Resources */ = {isa = PBXBuildFile; fileRef = 5AB106D21D178925003E69E4 /* Assets.xcassets */; };
		5AB106D61D178925003E69E4 /* LaunchScreen.storyboard in Resources */ = {isa = PBXBuildFile; fileRef = 5AB106D41D178925003E69E4 /* LaunchScreen.storyboard */; };
		5AB106E11D178926003E69E4 /* FTFoldingTableViewUITests.m in Sources */ = {isa = PBXBuildFile; fileRef = 5AB106E01D178926003E69E4 /* FTFoldingTableViewUITests.m */; };
/* End PBXBuildFile section */

/* Begin PBXContainerItemProxy section */
		5AB106DD1D178926003E69E4 /* PBXContainerItemProxy */ = {
			isa = PBXContainerItemProxy;
			containerPortal = 5AB106BB1D178925003E69E4 /* Project object */;
			proxyType = 1;
			remoteGlobalIDString = 5AB106C21D178925003E69E4;
			remoteInfo = FTFoldingTableView;
		};
/* End PBXContainerItemProxy section */

/* Begin PBXFileReference section */
		2ABD2C4F1E44520F00EBB748 /* Arrowhead.png */ = {isa = PBXFileReference; lastKnownFileType = image.png; path = Arrowhead.png; sourceTree = "<group>"; };
		2ABD2C501E44520F00EBB748 /* FTFoldingTableView.h */ = {isa = PBXFileReference; fileEncoding = 4; lastKnownFileType = sourcecode.c.h; path = FTFoldingTableView.h; sourceTree = "<group>"; };
		2ABD2C511E44520F00EBB748 /* FTFoldingTableView.m */ = {isa = PBXFileReference; fileEncoding = 4; lastKnownFileType = sourcecode.c.objc; path = FTFoldingTableView.m; sourceTree = "<group>"; };
		5A4B4FB31D4F3D3200134E33 /* Main.storyboard */ = {isa = PBXFileReference; fileEncoding = 4; lastKnownFileType = file.storyboard; path = Main.storyboard; sourceTree = "<group>"; };
		5AB106C31D178925003E69E4 /* FTFoldingTableView.app */ = {isa = PBXFileReference; explicitFileType = wrapper.application; includeInIndex = 0; path = FTFoldingTableView.app; sourceTree = BUILT_PRODUCTS_DIR; };
		5AB106C71D178925003E69E4 /* main.m */ = {isa = PBXFileReference; lastKnownFileType = sourcecode.c.objc; path = main.m; sourceTree = "<group>"; };
		5AB106C91D178925003E69E4 /* AppDelegate.h */ = {isa = PBXFileReference; lastKnownFileType = sourcecode.c.h; path = AppDelegate.h; sourceTree = "<group>"; };
		5AB106CA1D178925003E69E4 /* AppDelegate.m */ = {isa = PBXFileReference; lastKnownFileType = sourcecode.c.objc; path = AppDelegate.m; sourceTree = "<group>"; };
		5AB106CC1D178925003E69E4 /* ViewController.h */ = {isa = PBXFileReference; lastKnownFileType = sourcecode.c.h; path = ViewController.h; sourceTree = "<group>"; };
		5AB106CD1D178925003E69E4 /* ViewController.m */ = {isa = PBXFileReference; lastKnownFileType = sourcecode.c.objc; path = ViewController.m; sourceTree = "<group>"; };
		5AB106D21D178925003E69E4 /* Assets.xcassets */ = {isa = PBXFileReference; lastKnownFileType = folder.assetcatalog; path = Assets.xcassets; sourceTree = "<group>"; };
		5AB106D51D178925003E69E4 /* Base */ = {isa = PBXFileReference; lastKnownFileType = file.storyboard; name = Base; path = Base.lproj/LaunchScreen.storyboard; sourceTree = "<group>"; };
		5AB106D71D178925003E69E4 /* Info.plist */ = {isa = PBXFileReference; lastKnownFileType = text.plist.xml; path = Info.plist; sourceTree = "<group>"; };
		5AB106DC1D178926003E69E4 /* FTFoldingTableViewUITests.xctest */ = {isa = PBXFileReference; explicitFileType = wrapper.cfbundle; includeInIndex = 0; path = FTFoldingTableViewUITests.xctest; sourceTree = BUILT_PRODUCTS_DIR; };
		5AB106E01D178926003E69E4 /* FTFoldingTableViewUITests.m */ = {isa = PBXFileReference; lastKnownFileType = sourcecode.c.objc; path = FTFoldingTableViewUITests.m; sourceTree = "<group>"; };
		5AB106E21D178926003E69E4 /* Info.plist */ = {isa = PBXFileReference; lastKnownFileType = text.plist.xml; path = Info.plist; sourceTree = "<group>"; };
/* End PBXFileReference section */

/* Begin PBXFrameworksBuildPhase section */
		5AB106C01D178925003E69E4 /* Frameworks */ = {
			isa = PBXFrameworksBuildPhase;
			buildActionMask = 2147483647;
			files = (
			);
			runOnlyForDeploymentPostprocessing = 0;
		};
		5AB106D91D178926003E69E4 /* Frameworks */ = {
			isa = PBXFrameworksBuildPhase;
			buildActionMask = 2147483647;
			files = (
			);
			runOnlyForDeploymentPostprocessing = 0;
		};
/* End PBXFrameworksBuildPhase section */

/* Begin PBXGroup section */
		2ABD2C4E1E44520F00EBB748 /* FTFoldingTableView */ = {
			isa = PBXGroup;
			children = (
				2ABD2C4F1E44520F00EBB748 /* Arrowhead.png */,
				2ABD2C501E44520F00EBB748 /* FTFoldingTableView.h */,
				2ABD2C511E44520F00EBB748 /* FTFoldingTableView.m */,
			);
			name = FTFoldingTableView;
			path = ../../FTFoldingTableView;
			sourceTree = "<group>";
		};
		5AB106BA1D178925003E69E4 = {
			isa = PBXGroup;
			children = (
				5AB106C51D178925003E69E4 /* FTFoldingTableView */,
				5AB106DF1D178926003E69E4 /* FTFoldingTableViewUITests */,
				5AB106C41D178925003E69E4 /* Products */,
			);
			sourceTree = "<group>";
		};
		5AB106C41D178925003E69E4 /* Products */ = {
			isa = PBXGroup;
			children = (
				5AB106C31D178925003E69E4 /* FTFoldingTableView.app */,
				5AB106DC1D178926003E69E4 /* FTFoldingTableViewUITests.xctest */,
			);
			name = Products;
			sourceTree = "<group>";
		};
		5AB106C51D178925003E69E4 /* FTFoldingTableView */ = {
			isa = PBXGroup;
			children = (
				2ABD2C4E1E44520F00EBB748 /* FTFoldingTableView */,
				5AB106C91D178925003E69E4 /* AppDelegate.h */,
				5AB106CA1D178925003E69E4 /* AppDelegate.m */,
				5AB106CC1D178925003E69E4 /* ViewController.h */,
				5AB106CD1D178925003E69E4 /* ViewController.m */,
				5A4B4FB31D4F3D3200134E33 /* Main.storyboard */,
				5AB106D21D178925003E69E4 /* Assets.xcassets */,
				5AB106D41D178925003E69E4 /* LaunchScreen.storyboard */,
				5AB106D71D178925003E69E4 /* Info.plist */,
				5AB106C61D178925003E69E4 /* Supporting Files */,
			);
			path = FTFoldingTableView;
			sourceTree = "<group>";
		};
		5AB106C61D178925003E69E4 /* Supporting Files */ = {
			isa = PBXGroup;
			children = (
				5AB106C71D178925003E69E4 /* main.m */,
			);
			name = "Supporting Files";
			sourceTree = "<group>";
		};
		5AB106DF1D178926003E69E4 /* FTFoldingTableViewUITests */ = {
			isa = PBXGroup;
			children = (
				5AB106E01D178926003E69E4 /* FTFoldingTableViewUITests.m */,
				5AB106E21D178926003E69E4 /* Info.plist */,
			);
			path = FTFoldingTableViewUITests;
			sourceTree = "<group>";
		};
/* End PBXGroup section */

/* Begin PBXNativeTarget section */
		5AB106C21D178925003E69E4 /* FTFoldingTableView */ = {
			isa = PBXNativeTarget;
			buildConfigurationList = 5AB106E51D178926003E69E4 /* Build configuration list for PBXNativeTarget "FTFoldingTableView" */;
			buildPhases = (
				5AB106BF1D178925003E69E4 /* Sources */,
				5AB106C01D178925003E69E4 /* Frameworks */,
				5AB106C11D178925003E69E4 /* Resources */,
			);
			buildRules = (
			);
			dependencies = (
			);
			name = FTFoldingTableView;
			productName = FTFoldingTableView;
			productReference = 5AB106C31D178925003E69E4 /* FTFoldingTableView.app */;
			productType = "com.apple.product-type.application";
		};
		5AB106DB1D178926003E69E4 /* FTFoldingTableViewUITests */ = {
			isa = PBXNativeTarget;
			buildConfigurationList = 5AB106E81D178926003E69E4 /* Build configuration list for PBXNativeTarget "FTFoldingTableViewUITests" */;
			buildPhases = (
				5AB106D81D178926003E69E4 /* Sources */,
				5AB106D91D178926003E69E4 /* Frameworks */,
				5AB106DA1D178926003E69E4 /* Resources */,
			);
			buildRules = (
			);
			dependencies = (
				5AB106DE1D178926003E69E4 /* PBXTargetDependency */,
			);
			name = FTFoldingTableViewUITests;
			productName = FTFoldingTableViewUITests;
			productReference = 5AB106DC1D178926003E69E4 /* FTFoldingTableViewUITests.xctest */;
			productType = "com.apple.product-type.bundle.ui-testing";
		};
/* End PBXNativeTarget section */

/* Begin PBXProject section */
		5AB106BB1D178925003E69E4 /* Project object */ = {
			isa = PBXProject;
			attributes = {
				LastUpgradeCheck = 0920;
				ORGANIZATIONNAME = liufengting;
				TargetAttributes = {
					5AB106C21D178925003E69E4 = {
						CreatedOnToolsVersion = 7.3.1;
						DevelopmentTeamName = "锋婷 刘 (Personal Team)";
						ProvisioningStyle = Automatic;
					};
					5AB106DB1D178926003E69E4 = {
						CreatedOnToolsVersion = 7.3.1;
						TestTargetID = 5AB106C21D178925003E69E4;
					};
				};
			};
			buildConfigurationList = 5AB106BE1D178925003E69E4 /* Build configuration list for PBXProject "FTFoldingTableView" */;
			compatibilityVersion = "Xcode 3.2";
			developmentRegion = English;
			hasScannedForEncodings = 0;
			knownRegions = (
				en,
				Base,
			);
			mainGroup = 5AB106BA1D178925003E69E4;
			productRefGroup = 5AB106C41D178925003E69E4 /* Products */;
			projectDirPath = "";
			projectRoot = "";
			targets = (
				5AB106C21D178925003E69E4 /* FTFoldingTableView */,
				5AB106DB1D178926003E69E4 /* FTFoldingTableViewUITests */,
			);
		};
/* End PBXProject section */

/* Begin PBXResourcesBuildPhase section */
		5AB106C11D178925003E69E4 /* Resources */ = {
			isa = PBXResourcesBuildPhase;
			buildActionMask = 2147483647;
			files = (
				5AB106D61D178925003E69E4 /* LaunchScreen.storyboard in Resources */,
				2ABD2C521E44520F00EBB748 /* Arrowhead.png in Resources */,
				5AB106D31D178925003E69E4 /* Assets.xcassets in Resources */,
				5A4B4FB41D4F3D3200134E33 /* Main.storyboard in Resources */,
			);
			runOnlyForDeploymentPostprocessing = 0;
		};
		5AB106DA1D178926003E69E4 /* Resources */ = {
			isa = PBXResourcesBuildPhase;
			buildActionMask = 2147483647;
			files = (
			);
			runOnlyForDeploymentPostprocessing = 0;
		};
/* End PBXResourcesBuildPhase section */

/* Begin PBXSourcesBuildPhase section */
		5AB106BF1D178925003E69E4 /* Sources */ = {
			isa = PBXSourcesBuildPhase;
			buildActionMask = 2147483647;
			files = (
				5AB106CE1D178925003E69E4 /* ViewController.m in Sources */,
				5AB106CB1D178925003E69E4 /* AppDelegate.m in Sources */,
				5AB106C81D178925003E69E4 /* main.m in Sources */,
				2ABD2C531E44520F00EBB748 /* FTFoldingTableView.m in Sources */,
			);
			runOnlyForDeploymentPostprocessing = 0;
		};
		5AB106D81D178926003E69E4 /* Sources */ = {
			isa = PBXSourcesBuildPhase;
			buildActionMask = 2147483647;
			files = (
				5AB106E11D178926003E69E4 /* FTFoldingTableViewUITests.m in Sources */,
			);
			runOnlyForDeploymentPostprocessing = 0;
		};
/* End PBXSourcesBuildPhase section */

/* Begin PBXTargetDependency section */
		5AB106DE1D178926003E69E4 /* PBXTargetDependency */ = {
			isa = PBXTargetDependency;
			target = 5AB106C21D178925003E69E4 /* FTFoldingTableView */;
			targetProxy = 5AB106DD1D178926003E69E4 /* PBXContainerItemProxy */;
		};
/* End PBXTargetDependency section */

/* Begin PBXVariantGroup section */
		5AB106D41D178925003E69E4 /* LaunchScreen.storyboard */ = {
			isa = PBXVariantGroup;
			children = (
				5AB106D51D178925003E69E4 /* Base */,
			);
			name = LaunchScreen.storyboard;
			sourceTree = "<group>";
		};
/* End PBXVariantGroup section */

/* Begin XCBuildConfiguration section */
		5AB106E31D178926003E69E4 /* Debug */ = {
			isa = XCBuildConfiguration;
			buildSettings = {
				ALWAYS_SEARCH_USER_PATHS = NO;
				CLANG_ANALYZER_NONNULL = YES;
				CLANG_CXX_LANGUAGE_STANDARD = "gnu++0x";
				CLANG_CXX_LIBRARY = "libc++";
				CLANG_ENABLE_MODULES = YES;
				CLANG_ENABLE_OBJC_ARC = YES;
				CLANG_WARN_BLOCK_CAPTURE_AUTORELEASING = YES;
				CLANG_WARN_BOOL_CONVERSION = YES;
				CLANG_WARN_COMMA = YES;
				CLANG_WARN_CONSTANT_CONVERSION = YES;
				CLANG_WARN_DIRECT_OBJC_ISA_USAGE = YES_ERROR;
				CLANG_WARN_EMPTY_BODY = YES;
				CLANG_WARN_ENUM_CONVERSION = YES;
				CLANG_WARN_INFINITE_RECURSION = YES;
				CLANG_WARN_INT_CONVERSION = YES;
				CLANG_WARN_NON_LITERAL_NULL_CONVERSION = YES;
				CLANG_WARN_OBJC_LITERAL_CONVERSION = YES;
				CLANG_WARN_OBJC_ROOT_CLASS = YES_ERROR;
				CLANG_WARN_RANGE_LOOP_ANALYSIS = YES;
				CLANG_WARN_STRICT_PROTOTYPES = YES;
				CLANG_WARN_SUSPICIOUS_MOVE = YES;
				CLANG_WARN_UNREACHABLE_CODE = YES;
				CLANG_WARN__DUPLICATE_METHOD_MATCH = YES;
				"CODE_SIGN_IDENTITY[sdk=iphoneos*]" = "iPhone Developer";
				COPY_PHASE_STRIP = NO;
				DEBUG_INFORMATION_FORMAT = dwarf;
				ENABLE_STRICT_OBJC_MSGSEND = YES;
				ENABLE_TESTABILITY = YES;
				GCC_C_LANGUAGE_STANDARD = gnu99;
				GCC_DYNAMIC_NO_PIC = NO;
				GCC_NO_COMMON_BLOCKS = YES;
				GCC_OPTIMIZATION_LEVEL = 0;
				GCC_PREPROCESSOR_DEFINITIONS = (
					"DEBUG=1",
					"$(inherited)",
				);
				GCC_WARN_64_TO_32_BIT_CONVERSION = YES;
				GCC_WARN_ABOUT_RETURN_TYPE = YES_ERROR;
				GCC_WARN_UNDECLARED_SELECTOR = YES;
				GCC_WARN_UNINITIALIZED_AUTOS = YES_AGGRESSIVE;
				GCC_WARN_UNUSED_FUNCTION = YES;
				GCC_WARN_UNUSED_VARIABLE = YES;
				IPHONEOS_DEPLOYMENT_TARGET = 9.3;
				MTL_ENABLE_DEBUG_INFO = YES;
				ONLY_ACTIVE_ARCH = YES;
				SDKROOT = iphoneos;
			};
			name = Debug;
		};
		5AB106E41D178926003E69E4 /* Release */ = {
			isa = XCBuildConfiguration;
			buildSettings = {
				ALWAYS_SEARCH_USER_PATHS = NO;
				CLANG_ANALYZER_NONNULL = YES;
				CLANG_CXX_LANGUAGE_STANDARD = "gnu++0x";
				CLANG_CXX_LIBRARY = "libc++";
				CLANG_ENABLE_MODULES = YES;
				CLANG_ENABLE_OBJC_ARC = YES;
				CLANG_WARN_BLOCK_CAPTURE_AUTORELEASING = YES;
				CLANG_WARN_BOOL_CONVERSION = YES;
				CLANG_WARN_COMMA = YES;
				CLANG_WARN_CONSTANT_CONVERSION = YES;
				CLANG_WARN_DIRECT_OBJC_ISA_USAGE = YES_ERROR;
				CLANG_WARN_EMPTY_BODY = YES;
				CLANG_WARN_ENUM_CONVERSION = YES;
				CLANG_WARN_INFINITE_RECURSION = YES;
				CLANG_WARN_INT_CONVERSION = YES;
				CLANG_WARN_NON_LITERAL_NULL_CONVERSION = YES;
				CLANG_WARN_OBJC_LITERAL_CONVERSION = YES;
				CLANG_WARN_OBJC_ROOT_CLASS = YES_ERROR;
				CLANG_WARN_RANGE_LOOP_ANALYSIS = YES;
				CLANG_WARN_STRICT_PROTOTYPES = YES;
				CLANG_WARN_SUSPICIOUS_MOVE = YES;
				CLANG_WARN_UNREACHABLE_CODE = YES;
				CLANG_WARN__DUPLICATE_METHOD_MATCH = YES;
				"CODE_SIGN_IDENTITY[sdk=iphoneos*]" = "iPhone Developer";
				COPY_PHASE_STRIP = NO;
				DEBUG_INFORMATION_FORMAT = "dwarf-with-dsym";
				ENABLE_NS_ASSERTIONS = NO;
				ENABLE_STRICT_OBJC_MSGSEND = YES;
				GCC_C_LANGUAGE_STANDARD = gnu99;
				GCC_NO_COMMON_BLOCKS = YES;
				GCC_WARN_64_TO_32_BIT_CONVERSION = YES;
				GCC_WARN_ABOUT_RETURN_TYPE = YES_ERROR;
				GCC_WARN_UNDECLARED_SELECTOR = YES;
				GCC_WARN_UNINITIALIZED_AUTOS = YES_AGGRESSIVE;
				GCC_WARN_UNUSED_FUNCTION = YES;
				GCC_WARN_UNUSED_VARIABLE = YES;
				IPHONEOS_DEPLOYMENT_TARGET = 9.3;
				MTL_ENABLE_DEBUG_INFO = NO;
				SDKROOT = iphoneos;
				VALIDATE_PRODUCT = YES;
			};
			name = Release;
		};
		5AB106E61D178926003E69E4 /* Debug */ = {
			isa = XCBuildConfiguration;
			buildSettings = {
				ASSETCATALOG_COMPILER_APPICON_NAME = AppIcon;
				CODE_SIGN_IDENTITY = "iPhone Developer";
				"CODE_SIGN_IDENTITY[sdk=iphoneos*]" = "iPhone Developer";
				INFOPLIST_FILE = FTFoldingTableView/Info.plist;
				IPHONEOS_DEPLOYMENT_TARGET = 8.0;
				LD_RUNPATH_SEARCH_PATHS = "$(inherited) @executable_path/Frameworks";
				PRODUCT_BUNDLE_IDENTIFIER = com.liufengting.FTFoldingTableView;
				PRODUCT_NAME = "$(TARGET_NAME)";
			};
			name = Debug;
		};
		5AB106E71D178926003E69E4 /* Release */ = {
			isa = XCBuildConfiguration;
			buildSettings = {
				ASSETCATALOG_COMPILER_APPICON_NAME = AppIcon;
				CODE_SIGN_IDENTITY = "iPhone Developer";
				"CODE_SIGN_IDENTITY[sdk=iphoneos*]" = "iPhone Developer";
				INFOPLIST_FILE = FTFoldingTableView/Info.plist;
				IPHONEOS_DEPLOYMENT_TARGET = 8.0;
				LD_RUNPATH_SEARCH_PATHS = "$(inherited) @executable_path/Frameworks";
				PRODUCT_BUNDLE_IDENTIFIER = com.liufengting.FTFoldingTableView;
				PRODUCT_NAME = "$(TARGET_NAME)";
			};
			name = Release;
		};
		5AB106E91D178926003E69E4 /* Debug */ = {
			isa = XCBuildConfiguration;
			buildSettings = {
				INFOPLIST_FILE = FTFoldingTableViewUITests/Info.plist;
				LD_RUNPATH_SEARCH_PATHS = "$(inherited) @executable_path/Frameworks @loader_path/Frameworks";
				PRODUCT_BUNDLE_IDENTIFIER = com.liufengting.FTFoldingTableViewUITests;
				PRODUCT_NAME = "$(TARGET_NAME)";
				TEST_TARGET_NAME = FTFoldingTableView;
			};
			name = Debug;
		};
		5AB106EA1D178926003E69E4 /* Release */ = {
			isa = XCBuildConfiguration;
			buildSettings = {
				INFOPLIST_FILE = FTFoldingTableViewUITests/Info.plist;
				LD_RUNPATH_SEARCH_PATHS = "$(inherited) @executable_path/Frameworks @loader_path/Frameworks";
				PRODUCT_BUNDLE_IDENTIFIER = com.liufengting.FTFoldingTableViewUITests;
				PRODUCT_NAME = "$(TARGET_NAME)";
				TEST_TARGET_NAME = FTFoldingTableView;
			};
			name = Release;
		};
/* End XCBuildConfiguration section */

/* Begin XCConfigurationList section */
		5AB106BE1D178925003E69E4 /* Build configuration list for PBXProject "FTFoldingTableView" */ = {
			isa = XCConfigurationList;
			buildConfigurations = (
				5AB106E31D178926003E69E4 /* Debug */,
				5AB106E41D178926003E69E4 /* Release */,
			);
			defaultConfigurationIsVisible = 0;
			defaultConfigurationName = Release;
		};
		5AB106E51D178926003E69E4 /* Build configuration list for PBXNativeTarget "FTFoldingTableView" */ = {
			isa = XCConfigurationList;
			buildConfigurations = (
				5AB106E61D178926003E69E4 /* Debug */,
				5AB106E71D178926003E69E4 /* Release */,
			);
			defaultConfigurationIsVisible = 0;
			defaultConfigurationName = Release;
		};
		5AB106E81D178926003E69E4 /* Build configuration list for PBXNativeTarget "FTFoldingTableViewUITests" */ = {
			isa = XCConfigurationList;
			buildConfigurations = (
				5AB106E91D178926003E69E4 /* Debug */,
				5AB106EA1D178926003E69E4 /* Release */,
			);
			defaultConfigurationIsVisible = 0;
			defaultConfigurationName = Release;
		};
/* End XCConfigurationList section */
	};
	rootObject = 5AB106BB1D178925003E69E4 /* Project object */;
}
